// !$*UTF8*$!
{
	archiveVersion = 1;
	classes = {
	};
	objectVersion = 50;
	objects = {

/* Begin PBXBuildFile section */
		F666E1CF267D42B700F89A4F /* PhotoAlbumViewController.swift in Sources */ = {isa = PBXBuildFile; fileRef = F666E1CE267D42B700F89A4F /* PhotoAlbumViewController.swift */; };
		F666E1D3267DB1F800F89A4F /* NetworkRequest.swift in Sources */ = {isa = PBXBuildFile; fileRef = F666E1D2267DB1F800F89A4F /* NetworkRequest.swift */; };
		F666E1D8267E613400F89A4F /* ErrorResponse.swift in Sources */ = {isa = PBXBuildFile; fileRef = F666E1D7267E613400F89A4F /* ErrorResponse.swift */; };
		F666E1DB267E68FF00F89A4F /* fotoResponse.swift in Sources */ = {isa = PBXBuildFile; fileRef = F666E1DA267E68FF00F89A4F /* fotoResponse.swift */; };
		F666E1DF267E7B4C00F89A4F /* DataModel.swift in Sources */ = {isa = PBXBuildFile; fileRef = F666E1DE267E7B4C00F89A4F /* DataModel.swift */; };
		F6870A10267AAB050066D00B /* AppDelegate.swift in Sources */ = {isa = PBXBuildFile; fileRef = F6870A0F267AAB050066D00B /* AppDelegate.swift */; };
		F6870A12267AAB050066D00B /* SceneDelegate.swift in Sources */ = {isa = PBXBuildFile; fileRef = F6870A11267AAB050066D00B /* SceneDelegate.swift */; };
		F6870A14267AAB050066D00B /* TraveLocationMapController.swift in Sources */ = {isa = PBXBuildFile; fileRef = F6870A13267AAB050066D00B /* TraveLocationMapController.swift */; };
		F6870A17267AAB050066D00B /* Main.storyboard in Resources */ = {isa = PBXBuildFile; fileRef = F6870A15267AAB050066D00B /* Main.storyboard */; };
		F6870A19267AAB070066D00B /* Assets.xcassets in Resources */ = {isa = PBXBuildFile; fileRef = F6870A18267AAB070066D00B /* Assets.xcassets */; };
		F6870A1C267AAB070066D00B /* LaunchScreen.storyboard in Resources */ = {isa = PBXBuildFile; fileRef = F6870A1A267AAB070066D00B /* LaunchScreen.storyboard */; };
		F6C78D04267E9C7F003E38DE /* CollectionViewCell.swift in Sources */ = {isa = PBXBuildFile; fileRef = F6C78D03267E9C7F003E38DE /* CollectionViewCell.swift */; };
		F6C78D0826814031003E38DE /* VitualTourist.xcdatamodeld in Sources */ = {isa = PBXBuildFile; fileRef = F6C78D0626814030003E38DE /* VitualTourist.xcdatamodeld */; };
		F6C78D0B26814AEF003E38DE /* DataController.swift in Sources */ = {isa = PBXBuildFile; fileRef = F6C78D0A26814AEF003E38DE /* DataController.swift */; };
/* End PBXBuildFile section */

/* Begin PBXFileReference section */
		F666E1CE267D42B700F89A4F /* PhotoAlbumViewController.swift */ = {isa = PBXFileReference; lastKnownFileType = sourcecode.swift; path = PhotoAlbumViewController.swift; sourceTree = "<group>"; };
		F666E1D2267DB1F800F89A4F /* NetworkRequest.swift */ = {isa = PBXFileReference; lastKnownFileType = sourcecode.swift; path = NetworkRequest.swift; sourceTree = "<group>"; };
		F666E1D7267E613400F89A4F /* ErrorResponse.swift */ = {isa = PBXFileReference; lastKnownFileType = sourcecode.swift; path = ErrorResponse.swift; sourceTree = "<group>"; };
		F666E1DA267E68FF00F89A4F /* fotoResponse.swift */ = {isa = PBXFileReference; lastKnownFileType = sourcecode.swift; path = fotoResponse.swift; sourceTree = "<group>"; };
		F666E1DE267E7B4C00F89A4F /* DataModel.swift */ = {isa = PBXFileReference; lastKnownFileType = sourcecode.swift; path = DataModel.swift; sourceTree = "<group>"; };
		F6870A0C267AAB050066D00B /* virtualTourist.app */ = {isa = PBXFileReference; explicitFileType = wrapper.application; includeInIndex = 0; path = virtualTourist.app; sourceTree = BUILT_PRODUCTS_DIR; };
		F6870A0F267AAB050066D00B /* AppDelegate.swift */ = {isa = PBXFileReference; lastKnownFileType = sourcecode.swift; path = AppDelegate.swift; sourceTree = "<group>"; };
		F6870A11267AAB050066D00B /* SceneDelegate.swift */ = {isa = PBXFileReference; lastKnownFileType = sourcecode.swift; path = SceneDelegate.swift; sourceTree = "<group>"; };
		F6870A13267AAB050066D00B /* TraveLocationMapController.swift */ = {isa = PBXFileReference; lastKnownFileType = sourcecode.swift; path = TraveLocationMapController.swift; sourceTree = "<group>"; };
		F6870A16267AAB050066D00B /* Base */ = {isa = PBXFileReference; lastKnownFileType = file.storyboard; name = Base; path = Base.lproj/Main.storyboard; sourceTree = "<group>"; };
		F6870A18267AAB070066D00B /* Assets.xcassets */ = {isa = PBXFileReference; lastKnownFileType = folder.assetcatalog; path = Assets.xcassets; sourceTree = "<group>"; };
		F6870A1B267AAB070066D00B /* Base */ = {isa = PBXFileReference; lastKnownFileType = file.storyboard; name = Base; path = Base.lproj/LaunchScreen.storyboard; sourceTree = "<group>"; };
		F6870A1D267AAB070066D00B /* Info.plist */ = {isa = PBXFileReference; lastKnownFileType = text.plist.xml; path = Info.plist; sourceTree = "<group>"; };
		F6C78D03267E9C7F003E38DE /* CollectionViewCell.swift */ = {isa = PBXFileReference; lastKnownFileType = sourcecode.swift; path = CollectionViewCell.swift; sourceTree = "<group>"; };
		F6C78D0726814031003E38DE /* VitualTourist.xcdatamodel */ = {isa = PBXFileReference; lastKnownFileType = wrapper.xcdatamodel; path = VitualTourist.xcdatamodel; sourceTree = "<group>"; };
		F6C78D0A26814AEF003E38DE /* DataController.swift */ = {isa = PBXFileReference; lastKnownFileType = sourcecode.swift; path = DataController.swift; sourceTree = "<group>"; };
/* End PBXFileReference section */

/* Begin PBXFrameworksBuildPhase section */
		F6870A09267AAB050066D00B /* Frameworks */ = {
			isa = PBXFrameworksBuildPhase;
			buildActionMask = 2147483647;
			files = (
			);
			runOnlyForDeploymentPostprocessing = 0;
		};
/* End PBXFrameworksBuildPhase section */

/* Begin PBXGroup section */
		F666E1D1267DB1DB00F89A4F /* Network Request */ = {
			isa = PBXGroup;
			children = (
				F666E1D2267DB1F800F89A4F /* NetworkRequest.swift */,
			);
			path = "Network Request";
			sourceTree = "<group>";
		};
		F666E1D5267E60C000F89A4F /* Model */ = {
			isa = PBXGroup;
			children = (
				F666E1DD267E7AEA00F89A4F /* Data */,
				F666E1D6267E60D500F89A4F /* Responses */,
				F666E1D1267DB1DB00F89A4F /* Network Request */,
			);
			path = Model;
			sourceTree = "<group>";
		};
		F666E1D6267E60D500F89A4F /* Responses */ = {
			isa = PBXGroup;
			children = (
				F666E1D7267E613400F89A4F /* ErrorResponse.swift */,
				F666E1DA267E68FF00F89A4F /* fotoResponse.swift */,
			);
			path = Responses;
			sourceTree = "<group>";
		};
		F666E1DD267E7AEA00F89A4F /* Data */ = {
			isa = PBXGroup;
			children = (
				F666E1DE267E7B4C00F89A4F /* DataModel.swift */,
				F6C78D0626814030003E38DE /* VitualTourist.xcdatamodeld */,
				F6C78D0A26814AEF003E38DE /* DataController.swift */,
			);
			path = Data;
			sourceTree = "<group>";
		};
		F6870A03267AAB050066D00B = {
			isa = PBXGroup;
			children = (
				F6870A0E267AAB050066D00B /* virtualTourist */,
				F6870A0D267AAB050066D00B /* Products */,
			);
			sourceTree = "<group>";
		};
		F6870A0D267AAB050066D00B /* Products */ = {
			isa = PBXGroup;
			children = (
				F6870A0C267AAB050066D00B /* virtualTourist.app */,
			);
			name = Products;
			sourceTree = "<group>";
		};
		F6870A0E267AAB050066D00B /* virtualTourist */ = {
			isa = PBXGroup;
			children = (
				F6870A0F267AAB050066D00B /* AppDelegate.swift */,
				F666E1D5267E60C000F89A4F /* Model */,
				F6870A11267AAB050066D00B /* SceneDelegate.swift */,
				F6870A13267AAB050066D00B /* TraveLocationMapController.swift */,
				F6870A15267AAB050066D00B /* Main.storyboard */,
				F666E1CE267D42B700F89A4F /* PhotoAlbumViewController.swift */,
				F6C78D03267E9C7F003E38DE /* CollectionViewCell.swift */,
				F6870A18267AAB070066D00B /* Assets.xcassets */,
				F6870A1A267AAB070066D00B /* LaunchScreen.storyboard */,
				F6870A1D267AAB070066D00B /* Info.plist */,
			);
			path = virtualTourist;
			sourceTree = "<group>";
		};
/* End PBXGroup section */

/* Begin PBXNativeTarget section */
		F6870A0B267AAB050066D00B /* virtualTourist */ = {
			isa = PBXNativeTarget;
			buildConfigurationList = F6870A20267AAB070066D00B /* Build configuration list for PBXNativeTarget "virtualTourist" */;
			buildPhases = (
				F6870A08267AAB050066D00B /* Sources */,
				F6870A09267AAB050066D00B /* Frameworks */,
				F6870A0A267AAB050066D00B /* Resources */,
			);
			buildRules = (
			);
			dependencies = (
			);
			name = virtualTourist;
			productName = virtualTourist;
			productReference = F6870A0C267AAB050066D00B /* virtualTourist.app */;
			productType = "com.apple.product-type.application";
		};
/* End PBXNativeTarget section */

/* Begin PBXProject section */
		F6870A04267AAB050066D00B /* Project object */ = {
			isa = PBXProject;
			attributes = {
				LastSwiftUpdateCheck = 1220;
				LastUpgradeCheck = 1220;
				TargetAttributes = {
					F6870A0B267AAB050066D00B = {
						CreatedOnToolsVersion = 12.2;
					};
				};
			};
			buildConfigurationList = F6870A07267AAB050066D00B /* Build configuration list for PBXProject "virtualTourist" */;
			compatibilityVersion = "Xcode 9.3";
			developmentRegion = en;
			hasScannedForEncodings = 0;
			knownRegions = (
				en,
				Base,
			);
			mainGroup = F6870A03267AAB050066D00B;
			productRefGroup = F6870A0D267AAB050066D00B /* Products */;
			projectDirPath = "";
			projectRoot = "";
			targets = (
				F6870A0B267AAB050066D00B /* virtualTourist */,
			);
		};
/* End PBXProject section */

/* Begin PBXResourcesBuildPhase section */
		F6870A0A267AAB050066D00B /* Resources */ = {
			isa = PBXResourcesBuildPhase;
			buildActionMask = 2147483647;
			files = (
				F6870A1C267AAB070066D00B /* LaunchScreen.storyboard in Resources */,
				F6870A19267AAB070066D00B /* Assets.xcassets in Resources */,
				F6870A17267AAB050066D00B /* Main.storyboard in Resources */,
			);
			runOnlyForDeploymentPostprocessing = 0;
		};
/* End PBXResourcesBuildPhase section */

/* Begin PBXSourcesBuildPhase section */
		F6870A08267AAB050066D00B /* Sources */ = {
			isa = PBXSourcesBuildPhase;
			buildActionMask = 2147483647;
			files = (
				F6870A14267AAB050066D00B /* TraveLocationMapController.swift in Sources */,
				F6870A10267AAB050066D00B /* AppDelegate.swift in Sources */,
				F6C78D04267E9C7F003E38DE /* CollectionViewCell.swift in Sources */,
				F666E1DB267E68FF00F89A4F /* fotoResponse.swift in Sources */,
				F6870A12267AAB050066D00B /* SceneDelegate.swift in Sources */,
				F6C78D0B26814AEF003E38DE /* DataController.swift in Sources */,
				F666E1D8267E613400F89A4F /* ErrorResponse.swift in Sources */,
				F666E1CF267D42B700F89A4F /* PhotoAlbumViewController.swift in Sources */,
				F666E1D3267DB1F800F89A4F /* NetworkRequest.swift in Sources */,
				F666E1DF267E7B4C00F89A4F /* DataModel.swift in Sources */,
				F6C78D0826814031003E38DE /* VitualTourist.xcdatamodeld in Sources */,
			);
			runOnlyForDeploymentPostprocessing = 0;
		};
/* End PBXSourcesBuildPhase section */

/* Begin PBXVariantGroup section */
		F6870A15267AAB050066D00B /* Main.storyboard */ = {
			isa = PBXVariantGroup;
			children = (
				F6870A16267AAB050066D00B /* Base */,
			);
			name = Main.storyboard;
			sourceTree = "<group>";
		};
		F6870A1A267AAB070066D00B /* LaunchScreen.storyboard */ = {
			isa = PBXVariantGroup;
			children = (
				F6870A1B267AAB070066D00B /* Base */,
			);
			name = LaunchScreen.storyboard;
			sourceTree = "<group>";
		};
/* End PBXVariantGroup section */

/* Begin XCBuildConfiguration section */
		F6870A1E267AAB070066D00B /* Debug */ = {
			isa = XCBuildConfiguration;
			buildSettings = {
				ALWAYS_SEARCH_USER_PATHS = NO;
				CLANG_ANALYZER_NONNULL = YES;
				CLANG_ANALYZER_NUMBER_OBJECT_CONVERSION = YES_AGGRESSIVE;
				CLANG_CXX_LANGUAGE_STANDARD = "gnu++14";
				CLANG_CXX_LIBRARY = "libc++";
				CLANG_ENABLE_MODULES = YES;
				CLANG_ENABLE_OBJC_ARC = YES;
				CLANG_ENABLE_OBJC_WEAK = YES;
				CLANG_WARN_BLOCK_CAPTURE_AUTORELEASING = YES;
				CLANG_WARN_BOOL_CONVERSION = YES;
				CLANG_WARN_COMMA = YES;
				CLANG_WARN_CONSTANT_CONVERSION = YES;
				CLANG_WARN_DEPRECATED_OBJC_IMPLEMENTATIONS = YES;
				CLANG_WARN_DIRECT_OBJC_ISA_USAGE = YES_ERROR;
				CLANG_WARN_DOCUMENTATION_COMMENTS = YES;
				CLANG_WARN_EMPTY_BODY = YES;
				CLANG_WARN_ENUM_CONVERSION = YES;
				CLANG_WARN_INFINITE_RECURSION = YES;
				CLANG_WARN_INT_CONVERSION = YES;
				CLANG_WARN_NON_LITERAL_NULL_CONVERSION = YES;
				CLANG_WARN_OBJC_IMPLICIT_RETAIN_SELF = YES;
				CLANG_WARN_OBJC_LITERAL_CONVERSION = YES;
				CLANG_WARN_OBJC_ROOT_CLASS = YES_ERROR;
				CLANG_WARN_QUOTED_INCLUDE_IN_FRAMEWORK_HEADER = YES;
				CLANG_WARN_RANGE_LOOP_ANALYSIS = YES;
				CLANG_WARN_STRICT_PROTOTYPES = YES;
				CLANG_WARN_SUSPICIOUS_MOVE = YES;
				CLANG_WARN_UNGUARDED_AVAILABILITY = YES_AGGRESSIVE;
				CLANG_WARN_UNREACHABLE_CODE = YES;
				CLANG_WARN__DUPLICATE_METHOD_MATCH = YES;
				COPY_PHASE_STRIP = NO;
				DEBUG_INFORMATION_FORMAT = dwarf;
				ENABLE_STRICT_OBJC_MSGSEND = YES;
				ENABLE_TESTABILITY = YES;
				GCC_C_LANGUAGE_STANDARD = gnu11;
				GCC_DYNAMIC_NO_PIC = NO;
				GCC_NO_COMMON_BLOCKS = YES;
				GCC_OPTIMIZATION_LEVEL = 0;
				GCC_PREPROCESSOR_DEFINITIONS = (
					"DEBUG=1",
					"$(inherited)",
				);
				GCC_WARN_64_TO_32_BIT_CONVERSION = YES;
				GCC_WARN_ABOUT_RETURN_TYPE = YES_ERROR;
				GCC_WARN_UNDECLARED_SELECTOR = YES;
				GCC_WARN_UNINITIALIZED_AUTOS = YES_AGGRESSIVE;
				GCC_WARN_UNUSED_FUNCTION = YES;
				GCC_WARN_UNUSED_VARIABLE = YES;
				IPHONEOS_DEPLOYMENT_TARGET = 14.2;
				MTL_ENABLE_DEBUG_INFO = INCLUDE_SOURCE;
				MTL_FAST_MATH = YES;
				ONLY_ACTIVE_ARCH = YES;
				SDKROOT = iphoneos;
				SWIFT_ACTIVE_COMPILATION_CONDITIONS = DEBUG;
				SWIFT_OPTIMIZATION_LEVEL = "-Onone";
			};
			name = Debug;
		};
		F6870A1F267AAB070066D00B /* Release */ = {
			isa = XCBuildConfiguration;
			buildSettings = {
				ALWAYS_SEARCH_USER_PATHS = NO;
				CLANG_ANALYZER_NONNULL = YES;
				CLANG_ANALYZER_NUMBER_OBJECT_CONVERSION = YES_AGGRESSIVE;
				CLANG_CXX_LANGUAGE_STANDARD = "gnu++14";
				CLANG_CXX_LIBRARY = "libc++";
				CLANG_ENABLE_MODULES = YES;
				CLANG_ENABLE_OBJC_ARC = YES;
				CLANG_ENABLE_OBJC_WEAK = YES;
				CLANG_WARN_BLOCK_CAPTURE_AUTORELEASING = YES;
				CLANG_WARN_BOOL_CONVERSION = YES;
				CLANG_WARN_COMMA = YES;
				CLANG_WARN_CONSTANT_CONVERSION = YES;
				CLANG_WARN_DEPRECATED_OBJC_IMPLEMENTATIONS = YES;
				CLANG_WARN_DIRECT_OBJC_ISA_USAGE = YES_ERROR;
				CLANG_WARN_DOCUMENTATION_COMMENTS = YES;
				CLANG_WARN_EMPTY_BODY = YES;
				CLANG_WARN_ENUM_CONVERSION = YES;
				CLANG_WARN_INFINITE_RECURSION = YES;
				CLANG_WARN_INT_CONVERSION = YES;
				CLANG_WARN_NON_LITERAL_NULL_CONVERSION = YES;
				CLANG_WARN_OBJC_IMPLICIT_RETAIN_SELF = YES;
				CLANG_WARN_OBJC_LITERAL_CONVERSION = YES;
				CLANG_WARN_OBJC_ROOT_CLASS = YES_ERROR;
				CLANG_WARN_QUOTED_INCLUDE_IN_FRAMEWORK_HEADER = YES;
				CLANG_WARN_RANGE_LOOP_ANALYSIS = YES;
				CLANG_WARN_STRICT_PROTOTYPES = YES;
				CLANG_WARN_SUSPICIOUS_MOVE = YES;
				CLANG_WARN_UNGUARDED_AVAILABILITY = YES_AGGRESSIVE;
				CLANG_WARN_UNREACHABLE_CODE = YES;
				CLANG_WARN__DUPLICATE_METHOD_MATCH = YES;
				COPY_PHASE_STRIP = NO;
				DEBUG_INFORMATION_FORMAT = "dwarf-with-dsym";
				ENABLE_NS_ASSERTIONS = NO;
				ENABLE_STRICT_OBJC_MSGSEND = YES;
				GCC_C_LANGUAGE_STANDARD = gnu11;
				GCC_NO_COMMON_BLOCKS = YES;
				GCC_WARN_64_TO_32_BIT_CONVERSION = YES;
				GCC_WARN_ABOUT_RETURN_TYPE = YES_ERROR;
				GCC_WARN_UNDECLARED_SELECTOR = YES;
				GCC_WARN_UNINITIALIZED_AUTOS = YES_AGGRESSIVE;
				GCC_WARN_UNUSED_FUNCTION = YES;
				GCC_WARN_UNUSED_VARIABLE = YES;
				IPHONEOS_DEPLOYMENT_TARGET = 14.2;
				MTL_ENABLE_DEBUG_INFO = NO;
				MTL_FAST_MATH = YES;
				SDKROOT = iphoneos;
				SWIFT_COMPILATION_MODE = wholemodule;
				SWIFT_OPTIMIZATION_LEVEL = "-O";
				VALIDATE_PRODUCT = YES;
			};
			name = Release;
		};
		F6870A21267AAB070066D00B /* Debug */ = {
			isa = XCBuildConfiguration;
			buildSettings = {
				ASSETCATALOG_COMPILER_APPICON_NAME = AppIcon;
				ASSETCATALOG_COMPILER_GLOBAL_ACCENT_COLOR_NAME = AccentColor;
				CODE_SIGN_STYLE = Automatic;
				DEVELOPMENT_TEAM = W998X8R2CM;
				INFOPLIST_FILE = virtualTourist/Info.plist;
				LD_RUNPATH_SEARCH_PATHS = (
					"$(inherited)",
					"@executable_path/Frameworks",
				);
				PRODUCT_BUNDLE_IDENTIFIER = com.ramon.virtualTourist;
				PRODUCT_NAME = "$(TARGET_NAME)";
				SWIFT_VERSION = 5.0;
				TARGETED_DEVICE_FAMILY = "1,2";
			};
			name = Debug;
		};
		F6870A22267AAB070066D00B /* Release */ = {
			isa = XCBuildConfiguration;
			buildSettings = {
				ASSETCATALOG_COMPILER_APPICON_NAME = AppIcon;
				ASSETCATALOG_COMPILER_GLOBAL_ACCENT_COLOR_NAME = AccentColor;
				CODE_SIGN_STYLE = Automatic;
				DEVELOPMENT_TEAM = W998X8R2CM;
				INFOPLIST_FILE = virtualTourist/Info.plist;
				LD_RUNPATH_SEARCH_PATHS = (
					"$(inherited)",
					"@executable_path/Frameworks",
				);
				PRODUCT_BUNDLE_IDENTIFIER = com.ramon.virtualTourist;
				PRODUCT_NAME = "$(TARGET_NAME)";
				SWIFT_VERSION = 5.0;
				TARGETED_DEVICE_FAMILY = "1,2";
			};
			name = Release;
		};
/* End XCBuildConfiguration section */

/* Begin XCConfigurationList section */
		F6870A07267AAB050066D00B /* Build configuration list for PBXProject "virtualTourist" */ = {
			isa = XCConfigurationList;
			buildConfigurations = (
				F6870A1E267AAB070066D00B /* Debug */,
				F6870A1F267AAB070066D00B /* Release */,
			);
			defaultConfigurationIsVisible = 0;
			defaultConfigurationName = Release;
		};
		F6870A20267AAB070066D00B /* Build configuration list for PBXNativeTarget "virtualTourist" */ = {
			isa = XCConfigurationList;
			buildConfigurations = (
				F6870A21267AAB070066D00B /* Debug */,
				F6870A22267AAB070066D00B /* Release */,
			);
			defaultConfigurationIsVisible = 0;
			defaultConfigurationName = Release;
		};
/* End XCConfigurationList section */

/* Begin XCVersionGroup section */
		F6C78D0626814030003E38DE /* VitualTourist.xcdatamodeld */ = {
			isa = XCVersionGroup;
			children = (
				F6C78D0726814031003E38DE /* VitualTourist.xcdatamodel */,
			);
			currentVersion = F6C78D0726814031003E38DE /* VitualTourist.xcdatamodel */;
			path = VitualTourist.xcdatamodeld;
			sourceTree = "<group>";
			versionGroupType = wrapper.xcdatamodel;
		};
/* End XCVersionGroup section */
	};
	rootObject = F6870A04267AAB050066D00B /* Project object */;
}
